
Microsoft Visual Studio Solution File, Format Version 12.00
# Visual Studio Version 17
VisualStudioVersion = 17.10.35122.118
MinimumVisualStudioVersion = 10.0.40219.1
Project("{FAE04EC0-301F-11D3-BF4B-00C04F79EFBC}") = "Proje", "Proje.csproj", "{C9EF67A1-1C5C-4637-9AEC-22D5645031C8}"
EndProject
Global
	GlobalSection(SolutionConfigurationPlatforms) = preSolution
		Debug|Any CPU = Debug|Any CPU
		Release|Any CPU = Release|Any CPU
	EndGlobalSection
	GlobalSection(ProjectConfigurationPlatforms) = postSolution
		{C9EF67A1-1C5C-4637-9AEC-22D5645031C8}.Debug|Any CPU.ActiveCfg = Debug|Any CPU
		{C9EF67A1-1C5C-4637-9AEC-22D5645031C8}.Debug|Any CPU.Build.0 = Debug|Any CPU
		{C9EF67A1-1C5C-4637-9AEC-22D5645031C8}.Release|Any CPU.ActiveCfg = Release|Any CPU
		{C9EF67A1-1C5C-4637-9AEC-22D5645031C8}.Release|Any CPU.Build.0 = Release|Any CPU
	EndGlobalSection
	GlobalSection(SolutionProperties) = preSolution
		HideSolutionNode = FALSE
	EndGlobalSection
	GlobalSection(ExtensibilityGlobals) = postSolution
		SolutionGuid = {6F6F3498-7A37-42A4-93EC-19E092C14560}
	EndGlobalSection
EndGlobal
